// !$*UTF8*$!
{
	archiveVersion = 1;
	classes = {
	};
	objectVersion = 56;
	objects = {

/* Begin PBXBuildFile section */
		F1F2B63C2CD288A900D5B6A5 /* AppDelegate.swift in Sources */ = {isa = PBXBuildFile; fileRef = F1F2B63B2CD288A900D5B6A5 /* AppDelegate.swift */; };
		F1F2B63E2CD288A900D5B6A5 /* SceneDelegate.swift in Sources */ = {isa = PBXBuildFile; fileRef = F1F2B63D2CD288A900D5B6A5 /* SceneDelegate.swift */; };
		F1F2B6432CD288A900D5B6A5 /* Base in Resources */ = {isa = PBXBuildFile; fileRef = F1F2B6422CD288A900D5B6A5 /* Base */; };
		F1F2B6452CD288AB00D5B6A5 /* Assets.xcassets in Resources */ = {isa = PBXBuildFile; fileRef = F1F2B6442CD288AB00D5B6A5 /* Assets.xcassets */; };
		F1F2B6482CD288AB00D5B6A5 /* Base in Resources */ = {isa = PBXBuildFile; fileRef = F1F2B6472CD288AB00D5B6A5 /* Base */; };
		F1F2B65D2CD288AC00D5B6A5 /* MovieSearchAppUITests.swift in Sources */ = {isa = PBXBuildFile; fileRef = F1F2B65C2CD288AC00D5B6A5 /* MovieSearchAppUITests.swift */; };
		F1F2B65F2CD288AC00D5B6A5 /* MovieSearchAppUITestsLaunchTests.swift in Sources */ = {isa = PBXBuildFile; fileRef = F1F2B65E2CD288AC00D5B6A5 /* MovieSearchAppUITestsLaunchTests.swift */; };
		F1F2B6732CD28B5F00D5B6A5 /* Constants.swift in Sources */ = {isa = PBXBuildFile; fileRef = F1F2B6722CD28B5F00D5B6A5 /* Constants.swift */; };
		F1F2B6792CD2933000D5B6A5 /* SearchViewController.swift in Sources */ = {isa = PBXBuildFile; fileRef = F1F2B6782CD2933000D5B6A5 /* SearchViewController.swift */; };
		F1F2B67C2CD2961D00D5B6A5 /* MovieModel.swift in Sources */ = {isa = PBXBuildFile; fileRef = F1F2B67B2CD2961D00D5B6A5 /* MovieModel.swift */; };
		F1F2B67E2CD2965900D5B6A5 /* SearchMovieListModel.swift in Sources */ = {isa = PBXBuildFile; fileRef = F1F2B67D2CD2965900D5B6A5 /* SearchMovieListModel.swift */; };
		F1F2B6802CD296C800D5B6A5 /* NetworkManager.swift in Sources */ = {isa = PBXBuildFile; fileRef = F1F2B67F2CD296C800D5B6A5 /* NetworkManager.swift */; };
		F1F2B6822CD296D600D5B6A5 /* EndPoint.swift in Sources */ = {isa = PBXBuildFile; fileRef = F1F2B6812CD296D600D5B6A5 /* EndPoint.swift */; };
		F1F2B6842CD296E200D5B6A5 /* MovieService.swift in Sources */ = {isa = PBXBuildFile; fileRef = F1F2B6832CD296E200D5B6A5 /* MovieService.swift */; };
		F1F2B6862CD296F400D5B6A5 /* AppSettings.swift in Sources */ = {isa = PBXBuildFile; fileRef = F1F2B6852CD296F400D5B6A5 /* AppSettings.swift */; };
		F1F2B6882CD2982D00D5B6A5 /* SearchViewModel.swift in Sources */ = {isa = PBXBuildFile; fileRef = F1F2B6872CD2982D00D5B6A5 /* SearchViewModel.swift */; };
		F1F2B68A2CD2995700D5B6A5 /* UIView+Extentions.swift in Sources */ = {isa = PBXBuildFile; fileRef = F1F2B6892CD2995700D5B6A5 /* UIView+Extentions.swift */; };
		F1F2B68E2CD29C9700D5B6A5 /* MovieInfoTableViewCell.xib in Resources */ = {isa = PBXBuildFile; fileRef = F1F2B68D2CD29C9700D5B6A5 /* MovieInfoTableViewCell.xib */; };
		F1F2B68F2CD29C9700D5B6A5 /* MovieInfoTableViewCell.swift in Sources */ = {isa = PBXBuildFile; fileRef = F1F2B68C2CD29C9700D5B6A5 /* MovieInfoTableViewCell.swift */; };
		F1F2B6922CD29E6400D5B6A5 /* ImageCacheHelper.swift in Sources */ = {isa = PBXBuildFile; fileRef = F1F2B6912CD29E6400D5B6A5 /* ImageCacheHelper.swift */; };
		F1F2B6942CD29F5B00D5B6A5 /* SearchViewController+Delegates.swift in Sources */ = {isa = PBXBuildFile; fileRef = F1F2B6932CD29F5B00D5B6A5 /* SearchViewController+Delegates.swift */; };
		F1F2B6962CD2A05C00D5B6A5 /* LoadingHelper.swift in Sources */ = {isa = PBXBuildFile; fileRef = F1F2B6952CD2A05C00D5B6A5 /* LoadingHelper.swift */; };
		F1F2B6992CD2A08E00D5B6A5 /* RappleProgressHUD in Frameworks */ = {isa = PBXBuildFile; productRef = F1F2B6982CD2A08E00D5B6A5 /* RappleProgressHUD */; };
		F1F2B69E2CD2BF2000D5B6A5 /* MockMovieService.swift in Sources */ = {isa = PBXBuildFile; fileRef = F1F2B69D2CD2BF2000D5B6A5 /* MockMovieService.swift */; };
		F1F2B6A02CD2BF5B00D5B6A5 /* SearchViewModelTestCases.swift in Sources */ = {isa = PBXBuildFile; fileRef = F1F2B69F2CD2BF5B00D5B6A5 /* SearchViewModelTestCases.swift */; };
		F1F2B6A22CD2BF7F00D5B6A5 /* MovieInfoTableViewCelltests.swift in Sources */ = {isa = PBXBuildFile; fileRef = F1F2B6A12CD2BF7F00D5B6A5 /* MovieInfoTableViewCelltests.swift */; };
		F1F2B6A42CD3206800D5B6A5 /* PaginationManager.swift in Sources */ = {isa = PBXBuildFile; fileRef = F1F2B6A32CD3206800D5B6A5 /* PaginationManager.swift */; };
		F1F2B6A62CD3311A00D5B6A5 /* String+Extentions.swift in Sources */ = {isa = PBXBuildFile; fileRef = F1F2B6A52CD3311A00D5B6A5 /* String+Extentions.swift */; };
		F1F2B6A92CD363F500D5B6A5 /* SearchViewControllerTests.swift in Sources */ = {isa = PBXBuildFile; fileRef = F1F2B6A82CD363F500D5B6A5 /* SearchViewControllerTests.swift */; };
/* End PBXBuildFile section */

/* Begin PBXContainerItemProxy section */
		F1F2B64F2CD288AB00D5B6A5 /* PBXContainerItemProxy */ = {
			isa = PBXContainerItemProxy;
			containerPortal = F1F2B6302CD288A900D5B6A5 /* Project object */;
			proxyType = 1;
			remoteGlobalIDString = F1F2B6372CD288A900D5B6A5;
			remoteInfo = MovieSearchApp;
		};
		F1F2B6592CD288AC00D5B6A5 /* PBXContainerItemProxy */ = {
			isa = PBXContainerItemProxy;
			containerPortal = F1F2B6302CD288A900D5B6A5 /* Project object */;
			proxyType = 1;
			remoteGlobalIDString = F1F2B6372CD288A900D5B6A5;
			remoteInfo = MovieSearchApp;
		};
/* End PBXContainerItemProxy section */

/* Begin PBXFileReference section */
		F1F2B6382CD288A900D5B6A5 /* MovieSearchApp.app */ = {isa = PBXFileReference; explicitFileType = wrapper.application; includeInIndex = 0; path = MovieSearchApp.app; sourceTree = BUILT_PRODUCTS_DIR; };
		F1F2B63B2CD288A900D5B6A5 /* AppDelegate.swift */ = {isa = PBXFileReference; lastKnownFileType = sourcecode.swift; path = AppDelegate.swift; sourceTree = "<group>"; };
		F1F2B63D2CD288A900D5B6A5 /* SceneDelegate.swift */ = {isa = PBXFileReference; lastKnownFileType = sourcecode.swift; path = SceneDelegate.swift; sourceTree = "<group>"; };
		F1F2B6422CD288A900D5B6A5 /* Base */ = {isa = PBXFileReference; lastKnownFileType = file.storyboard; name = Base; path = Base.lproj/Main.storyboard; sourceTree = "<group>"; };
		F1F2B6442CD288AB00D5B6A5 /* Assets.xcassets */ = {isa = PBXFileReference; lastKnownFileType = folder.assetcatalog; path = Assets.xcassets; sourceTree = "<group>"; };
		F1F2B6472CD288AB00D5B6A5 /* Base */ = {isa = PBXFileReference; lastKnownFileType = file.storyboard; name = Base; path = Base.lproj/LaunchScreen.storyboard; sourceTree = "<group>"; };
		F1F2B6492CD288AB00D5B6A5 /* Info.plist */ = {isa = PBXFileReference; lastKnownFileType = text.plist.xml; path = Info.plist; sourceTree = "<group>"; };
		F1F2B64E2CD288AB00D5B6A5 /* MovieSearchAppTests.xctest */ = {isa = PBXFileReference; explicitFileType = wrapper.cfbundle; includeInIndex = 0; path = MovieSearchAppTests.xctest; sourceTree = BUILT_PRODUCTS_DIR; };
		F1F2B6582CD288AC00D5B6A5 /* MovieSearchAppUITests.xctest */ = {isa = PBXFileReference; explicitFileType = wrapper.cfbundle; includeInIndex = 0; path = MovieSearchAppUITests.xctest; sourceTree = BUILT_PRODUCTS_DIR; };
		F1F2B65C2CD288AC00D5B6A5 /* MovieSearchAppUITests.swift */ = {isa = PBXFileReference; lastKnownFileType = sourcecode.swift; path = MovieSearchAppUITests.swift; sourceTree = "<group>"; };
		F1F2B65E2CD288AC00D5B6A5 /* MovieSearchAppUITestsLaunchTests.swift */ = {isa = PBXFileReference; lastKnownFileType = sourcecode.swift; path = MovieSearchAppUITestsLaunchTests.swift; sourceTree = "<group>"; };
		F1F2B6722CD28B5F00D5B6A5 /* Constants.swift */ = {isa = PBXFileReference; lastKnownFileType = sourcecode.swift; path = Constants.swift; sourceTree = "<group>"; };
		F1F2B6782CD2933000D5B6A5 /* SearchViewController.swift */ = {isa = PBXFileReference; lastKnownFileType = sourcecode.swift; path = SearchViewController.swift; sourceTree = "<group>"; };
		F1F2B67B2CD2961D00D5B6A5 /* MovieModel.swift */ = {isa = PBXFileReference; lastKnownFileType = sourcecode.swift; path = MovieModel.swift; sourceTree = "<group>"; };
		F1F2B67D2CD2965900D5B6A5 /* SearchMovieListModel.swift */ = {isa = PBXFileReference; lastKnownFileType = sourcecode.swift; path = SearchMovieListModel.swift; sourceTree = "<group>"; };
		F1F2B67F2CD296C800D5B6A5 /* NetworkManager.swift */ = {isa = PBXFileReference; lastKnownFileType = sourcecode.swift; path = NetworkManager.swift; sourceTree = "<group>"; };
		F1F2B6812CD296D600D5B6A5 /* EndPoint.swift */ = {isa = PBXFileReference; lastKnownFileType = sourcecode.swift; path = EndPoint.swift; sourceTree = "<group>"; };
		F1F2B6832CD296E200D5B6A5 /* MovieService.swift */ = {isa = PBXFileReference; lastKnownFileType = sourcecode.swift; path = MovieService.swift; sourceTree = "<group>"; };
		F1F2B6852CD296F400D5B6A5 /* AppSettings.swift */ = {isa = PBXFileReference; lastKnownFileType = sourcecode.swift; path = AppSettings.swift; sourceTree = "<group>"; };
		F1F2B6872CD2982D00D5B6A5 /* SearchViewModel.swift */ = {isa = PBXFileReference; lastKnownFileType = sourcecode.swift; path = SearchViewModel.swift; sourceTree = "<group>"; };
		F1F2B6892CD2995700D5B6A5 /* UIView+Extentions.swift */ = {isa = PBXFileReference; lastKnownFileType = sourcecode.swift; path = "UIView+Extentions.swift"; sourceTree = "<group>"; };
		F1F2B68C2CD29C9700D5B6A5 /* MovieInfoTableViewCell.swift */ = {isa = PBXFileReference; lastKnownFileType = sourcecode.swift; path = MovieInfoTableViewCell.swift; sourceTree = "<group>"; };
		F1F2B68D2CD29C9700D5B6A5 /* MovieInfoTableViewCell.xib */ = {isa = PBXFileReference; lastKnownFileType = file.xib; path = MovieInfoTableViewCell.xib; sourceTree = "<group>"; };
		F1F2B6912CD29E6400D5B6A5 /* ImageCacheHelper.swift */ = {isa = PBXFileReference; lastKnownFileType = sourcecode.swift; path = ImageCacheHelper.swift; sourceTree = "<group>"; };
		F1F2B6932CD29F5B00D5B6A5 /* SearchViewController+Delegates.swift */ = {isa = PBXFileReference; lastKnownFileType = sourcecode.swift; path = "SearchViewController+Delegates.swift"; sourceTree = "<group>"; };
		F1F2B6952CD2A05C00D5B6A5 /* LoadingHelper.swift */ = {isa = PBXFileReference; lastKnownFileType = sourcecode.swift; path = LoadingHelper.swift; sourceTree = "<group>"; };
		F1F2B69D2CD2BF2000D5B6A5 /* MockMovieService.swift */ = {isa = PBXFileReference; lastKnownFileType = sourcecode.swift; path = MockMovieService.swift; sourceTree = "<group>"; };
		F1F2B69F2CD2BF5B00D5B6A5 /* SearchViewModelTestCases.swift */ = {isa = PBXFileReference; lastKnownFileType = sourcecode.swift; path = SearchViewModelTestCases.swift; sourceTree = "<group>"; };
		F1F2B6A12CD2BF7F00D5B6A5 /* MovieInfoTableViewCelltests.swift */ = {isa = PBXFileReference; lastKnownFileType = sourcecode.swift; path = MovieInfoTableViewCelltests.swift; sourceTree = "<group>"; };
		F1F2B6A32CD3206800D5B6A5 /* PaginationManager.swift */ = {isa = PBXFileReference; lastKnownFileType = sourcecode.swift; path = PaginationManager.swift; sourceTree = "<group>"; };
		F1F2B6A52CD3311A00D5B6A5 /* String+Extentions.swift */ = {isa = PBXFileReference; lastKnownFileType = sourcecode.swift; path = "String+Extentions.swift"; sourceTree = "<group>"; };
		F1F2B6A82CD363F500D5B6A5 /* SearchViewControllerTests.swift */ = {isa = PBXFileReference; lastKnownFileType = sourcecode.swift; path = SearchViewControllerTests.swift; sourceTree = "<group>"; };
/* End PBXFileReference section */

/* Begin PBXFrameworksBuildPhase section */
		F1F2B6352CD288A900D5B6A5 /* Frameworks */ = {
			isa = PBXFrameworksBuildPhase;
			buildActionMask = 2147483647;
			files = (
				F1F2B6992CD2A08E00D5B6A5 /* RappleProgressHUD in Frameworks */,
			);
			runOnlyForDeploymentPostprocessing = 0;
		};
		F1F2B64B2CD288AB00D5B6A5 /* Frameworks */ = {
			isa = PBXFrameworksBuildPhase;
			buildActionMask = 2147483647;
			files = (
			);
			runOnlyForDeploymentPostprocessing = 0;
		};
		F1F2B6552CD288AC00D5B6A5 /* Frameworks */ = {
			isa = PBXFrameworksBuildPhase;
			buildActionMask = 2147483647;
			files = (
			);
			runOnlyForDeploymentPostprocessing = 0;
		};
/* End PBXFrameworksBuildPhase section */

/* Begin PBXGroup section */
		F1F2B62F2CD288A900D5B6A5 = {
			isa = PBXGroup;
			children = (
				F1F2B63A2CD288A900D5B6A5 /* MovieSearchApp */,
				F1F2B6512CD288AB00D5B6A5 /* MovieSearchAppTests */,
				F1F2B65B2CD288AC00D5B6A5 /* MovieSearchAppUITests */,
				F1F2B6392CD288A900D5B6A5 /* Products */,
			);
			sourceTree = "<group>";
		};
		F1F2B6392CD288A900D5B6A5 /* Products */ = {
			isa = PBXGroup;
			children = (
				F1F2B6382CD288A900D5B6A5 /* MovieSearchApp.app */,
				F1F2B64E2CD288AB00D5B6A5 /* MovieSearchAppTests.xctest */,
				F1F2B6582CD288AC00D5B6A5 /* MovieSearchAppUITests.xctest */,
			);
			name = Products;
			sourceTree = "<group>";
		};
		F1F2B63A2CD288A900D5B6A5 /* MovieSearchApp */ = {
			isa = PBXGroup;
			children = (
				F1F2B66E2CD28AA300D5B6A5 /* Views */,
				F1F2B66F2CD28AAC00D5B6A5 /* ViewModels */,
				F1F2B66D2CD28A8A00D5B6A5 /* Models */,
				F1F2B66C2CD28A8000D5B6A5 /* Network */,
				F1F2B66B2CD28A7400D5B6A5 /* Utilities */,
				F1F2B67A2CD2936600D5B6A5 /* StoryBoards */,
				F1F2B63B2CD288A900D5B6A5 /* AppDelegate.swift */,
				F1F2B63D2CD288A900D5B6A5 /* SceneDelegate.swift */,
				F1F2B6442CD288AB00D5B6A5 /* Assets.xcassets */,
				F1F2B6492CD288AB00D5B6A5 /* Info.plist */,
			);
			path = MovieSearchApp;
			sourceTree = "<group>";
		};
		F1F2B6512CD288AB00D5B6A5 /* MovieSearchAppTests */ = {
			isa = PBXGroup;
			children = (
				F1F2B6A72CD363DA00D5B6A5 /* SearchViewControllerTests */,
				F1F2B69C2CD2BF0600D5B6A5 /* TestHelpers */,
				F1F2B69B2CD2BEFE00D5B6A5 /* ViewModelTests */,
				F1F2B69A2CD2BEEE00D5B6A5 /* TableViewCellTests */,
			);
			path = MovieSearchAppTests;
			sourceTree = "<group>";
		};
		F1F2B65B2CD288AC00D5B6A5 /* MovieSearchAppUITests */ = {
			isa = PBXGroup;
			children = (
				F1F2B65C2CD288AC00D5B6A5 /* MovieSearchAppUITests.swift */,
				F1F2B65E2CD288AC00D5B6A5 /* MovieSearchAppUITestsLaunchTests.swift */,
			);
			path = MovieSearchAppUITests;
			sourceTree = "<group>";
		};
		F1F2B66B2CD28A7400D5B6A5 /* Utilities */ = {
			isa = PBXGroup;
			children = (
				F1F2B6712CD28B4300D5B6A5 /* Extentions */,
				F1F2B6702CD28B3200D5B6A5 /* Helpers */,
				F1F2B6722CD28B5F00D5B6A5 /* Constants.swift */,
			);
			path = Utilities;
			sourceTree = "<group>";
		};
		F1F2B66C2CD28A8000D5B6A5 /* Network */ = {
			isa = PBXGroup;
			children = (
				F1F2B6852CD296F400D5B6A5 /* AppSettings.swift */,
				F1F2B67F2CD296C800D5B6A5 /* NetworkManager.swift */,
				F1F2B6812CD296D600D5B6A5 /* EndPoint.swift */,
				F1F2B6832CD296E200D5B6A5 /* MovieService.swift */,
			);
			path = Network;
			sourceTree = "<group>";
		};
		F1F2B66D2CD28A8A00D5B6A5 /* Models */ = {
			isa = PBXGroup;
			children = (
				F1F2B67B2CD2961D00D5B6A5 /* MovieModel.swift */,
				F1F2B67D2CD2965900D5B6A5 /* SearchMovieListModel.swift */,
			);
			path = Models;
			sourceTree = "<group>";
		};
		F1F2B66E2CD28AA300D5B6A5 /* Views */ = {
			isa = PBXGroup;
			children = (
				F1F2B68B2CD29C6C00D5B6A5 /* MovieInfotableViewCell */,
				F1F2B6772CD292F200D5B6A5 /* SearchView */,
			);
			path = Views;
			sourceTree = "<group>";
		};
		F1F2B66F2CD28AAC00D5B6A5 /* ViewModels */ = {
			isa = PBXGroup;
			children = (
				F1F2B6872CD2982D00D5B6A5 /* SearchViewModel.swift */,
			);
			path = ViewModels;
			sourceTree = "<group>";
		};
		F1F2B6702CD28B3200D5B6A5 /* Helpers */ = {
			isa = PBXGroup;
			children = (
				F1F2B6A32CD3206800D5B6A5 /* PaginationManager.swift */,
				F1F2B6912CD29E6400D5B6A5 /* ImageCacheHelper.swift */,
				F1F2B6952CD2A05C00D5B6A5 /* LoadingHelper.swift */,
			);
			path = Helpers;
			sourceTree = "<group>";
		};
		F1F2B6712CD28B4300D5B6A5 /* Extentions */ = {
			isa = PBXGroup;
			children = (
				F1F2B6892CD2995700D5B6A5 /* UIView+Extentions.swift */,
				F1F2B6A52CD3311A00D5B6A5 /* String+Extentions.swift */,
			);
			path = Extentions;
			sourceTree = "<group>";
		};
		F1F2B6772CD292F200D5B6A5 /* SearchView */ = {
			isa = PBXGroup;
			children = (
				F1F2B6782CD2933000D5B6A5 /* SearchViewController.swift */,
				F1F2B6932CD29F5B00D5B6A5 /* SearchViewController+Delegates.swift */,
			);
			path = SearchView;
			sourceTree = "<group>";
		};
		F1F2B67A2CD2936600D5B6A5 /* StoryBoards */ = {
			isa = PBXGroup;
			children = (
				F1F2B6412CD288A900D5B6A5 /* Main.storyboard */,
				F1F2B6462CD288AB00D5B6A5 /* LaunchScreen.storyboard */,
			);
			path = StoryBoards;
			sourceTree = "<group>";
		};
		F1F2B68B2CD29C6C00D5B6A5 /* MovieInfotableViewCell */ = {
			isa = PBXGroup;
			children = (
				F1F2B68C2CD29C9700D5B6A5 /* MovieInfoTableViewCell.swift */,
				F1F2B68D2CD29C9700D5B6A5 /* MovieInfoTableViewCell.xib */,
			);
			path = MovieInfotableViewCell;
			sourceTree = "<group>";
		};
		F1F2B69A2CD2BEEE00D5B6A5 /* TableViewCellTests */ = {
			isa = PBXGroup;
			children = (
				F1F2B6A12CD2BF7F00D5B6A5 /* MovieInfoTableViewCelltests.swift */,
			);
			path = TableViewCellTests;
			sourceTree = "<group>";
		};
		F1F2B69B2CD2BEFE00D5B6A5 /* ViewModelTests */ = {
			isa = PBXGroup;
			children = (
				F1F2B69F2CD2BF5B00D5B6A5 /* SearchViewModelTestCases.swift */,
			);
			path = ViewModelTests;
			sourceTree = "<group>";
		};
		F1F2B69C2CD2BF0600D5B6A5 /* TestHelpers */ = {
			isa = PBXGroup;
			children = (
				F1F2B69D2CD2BF2000D5B6A5 /* MockMovieService.swift */,
			);
			path = TestHelpers;
			sourceTree = "<group>";
		};
		F1F2B6A72CD363DA00D5B6A5 /* SearchViewControllerTests */ = {
			isa = PBXGroup;
			children = (
				F1F2B6A82CD363F500D5B6A5 /* SearchViewControllerTests.swift */,
			);
			path = SearchViewControllerTests;
			sourceTree = "<group>";
		};
/* End PBXGroup section */

/* Begin PBXNativeTarget section */
		F1F2B6372CD288A900D5B6A5 /* MovieSearchApp */ = {
			isa = PBXNativeTarget;
			buildConfigurationList = F1F2B6622CD288AC00D5B6A5 /* Build configuration list for PBXNativeTarget "MovieSearchApp" */;
			buildPhases = (
				F1F2B6342CD288A900D5B6A5 /* Sources */,
				F1F2B6352CD288A900D5B6A5 /* Frameworks */,
				F1F2B6362CD288A900D5B6A5 /* Resources */,
			);
			buildRules = (
			);
			dependencies = (
			);
			name = MovieSearchApp;
			packageProductDependencies = (
				F1F2B6982CD2A08E00D5B6A5 /* RappleProgressHUD */,
			);
			productName = MovieSearchApp;
			productReference = F1F2B6382CD288A900D5B6A5 /* MovieSearchApp.app */;
			productType = "com.apple.product-type.application";
		};
		F1F2B64D2CD288AB00D5B6A5 /* MovieSearchAppTests */ = {
			isa = PBXNativeTarget;
			buildConfigurationList = F1F2B6652CD288AC00D5B6A5 /* Build configuration list for PBXNativeTarget "MovieSearchAppTests" */;
			buildPhases = (
				F1F2B64A2CD288AB00D5B6A5 /* Sources */,
				F1F2B64B2CD288AB00D5B6A5 /* Frameworks */,
				F1F2B64C2CD288AB00D5B6A5 /* Resources */,
			);
			buildRules = (
			);
			dependencies = (
				F1F2B6502CD288AB00D5B6A5 /* PBXTargetDependency */,
			);
			name = MovieSearchAppTests;
			productName = MovieSearchAppTests;
			productReference = F1F2B64E2CD288AB00D5B6A5 /* MovieSearchAppTests.xctest */;
			productType = "com.apple.product-type.bundle.unit-test";
		};
		F1F2B6572CD288AC00D5B6A5 /* MovieSearchAppUITests */ = {
			isa = PBXNativeTarget;
			buildConfigurationList = F1F2B6682CD288AC00D5B6A5 /* Build configuration list for PBXNativeTarget "MovieSearchAppUITests" */;
			buildPhases = (
				F1F2B6542CD288AC00D5B6A5 /* Sources */,
				F1F2B6552CD288AC00D5B6A5 /* Frameworks */,
				F1F2B6562CD288AC00D5B6A5 /* Resources */,
			);
			buildRules = (
			);
			dependencies = (
				F1F2B65A2CD288AC00D5B6A5 /* PBXTargetDependency */,
			);
			name = MovieSearchAppUITests;
			productName = MovieSearchAppUITests;
			productReference = F1F2B6582CD288AC00D5B6A5 /* MovieSearchAppUITests.xctest */;
			productType = "com.apple.product-type.bundle.ui-testing";
		};
/* End PBXNativeTarget section */

/* Begin PBXProject section */
		F1F2B6302CD288A900D5B6A5 /* Project object */ = {
			isa = PBXProject;
			attributes = {
				BuildIndependentTargetsInParallel = 1;
				LastSwiftUpdateCheck = 1530;
				LastUpgradeCheck = 1530;
				TargetAttributes = {
					F1F2B6372CD288A900D5B6A5 = {
						CreatedOnToolsVersion = 15.3;
					};
					F1F2B64D2CD288AB00D5B6A5 = {
						CreatedOnToolsVersion = 15.3;
						TestTargetID = F1F2B6372CD288A900D5B6A5;
					};
					F1F2B6572CD288AC00D5B6A5 = {
						CreatedOnToolsVersion = 15.3;
						TestTargetID = F1F2B6372CD288A900D5B6A5;
					};
				};
			};
			buildConfigurationList = F1F2B6332CD288A900D5B6A5 /* Build configuration list for PBXProject "MovieSearchApp" */;
			compatibilityVersion = "Xcode 14.0";
			developmentRegion = en;
			hasScannedForEncodings = 0;
			knownRegions = (
				en,
				Base,
			);
			mainGroup = F1F2B62F2CD288A900D5B6A5;
			packageReferences = (
				F1F2B6972CD2A08E00D5B6A5 /* XCRemoteSwiftPackageReference "RappleProgressHUD" */,
			);
			productRefGroup = F1F2B6392CD288A900D5B6A5 /* Products */;
			projectDirPath = "";
			projectRoot = "";
			targets = (
				F1F2B6372CD288A900D5B6A5 /* MovieSearchApp */,
				F1F2B64D2CD288AB00D5B6A5 /* MovieSearchAppTests */,
				F1F2B6572CD288AC00D5B6A5 /* MovieSearchAppUITests */,
			);
		};
/* End PBXProject section */

/* Begin PBXResourcesBuildPhase section */
		F1F2B6362CD288A900D5B6A5 /* Resources */ = {
			isa = PBXResourcesBuildPhase;
			buildActionMask = 2147483647;
			files = (
				F1F2B6452CD288AB00D5B6A5 /* Assets.xcassets in Resources */,
				F1F2B6482CD288AB00D5B6A5 /* Base in Resources */,
				F1F2B68E2CD29C9700D5B6A5 /* MovieInfoTableViewCell.xib in Resources */,
				F1F2B6432CD288A900D5B6A5 /* Base in Resources */,
			);
			runOnlyForDeploymentPostprocessing = 0;
		};
		F1F2B64C2CD288AB00D5B6A5 /* Resources */ = {
			isa = PBXResourcesBuildPhase;
			buildActionMask = 2147483647;
			files = (
			);
			runOnlyForDeploymentPostprocessing = 0;
		};
		F1F2B6562CD288AC00D5B6A5 /* Resources */ = {
			isa = PBXResourcesBuildPhase;
			buildActionMask = 2147483647;
			files = (
			);
			runOnlyForDeploymentPostprocessing = 0;
		};
/* End PBXResourcesBuildPhase section */

/* Begin PBXSourcesBuildPhase section */
		F1F2B6342CD288A900D5B6A5 /* Sources */ = {
			isa = PBXSourcesBuildPhase;
			buildActionMask = 2147483647;
			files = (
				F1F2B6802CD296C800D5B6A5 /* NetworkManager.swift in Sources */,
				F1F2B67E2CD2965900D5B6A5 /* SearchMovieListModel.swift in Sources */,
				F1F2B6962CD2A05C00D5B6A5 /* LoadingHelper.swift in Sources */,
				F1F2B6862CD296F400D5B6A5 /* AppSettings.swift in Sources */,
				F1F2B68A2CD2995700D5B6A5 /* UIView+Extentions.swift in Sources */,
				F1F2B6822CD296D600D5B6A5 /* EndPoint.swift in Sources */,
				F1F2B6A42CD3206800D5B6A5 /* PaginationManager.swift in Sources */,
				F1F2B6A62CD3311A00D5B6A5 /* String+Extentions.swift in Sources */,
				F1F2B67C2CD2961D00D5B6A5 /* MovieModel.swift in Sources */,
				F1F2B6882CD2982D00D5B6A5 /* SearchViewModel.swift in Sources */,
				F1F2B6792CD2933000D5B6A5 /* SearchViewController.swift in Sources */,
				F1F2B68F2CD29C9700D5B6A5 /* MovieInfoTableViewCell.swift in Sources */,
				F1F2B63C2CD288A900D5B6A5 /* AppDelegate.swift in Sources */,
				F1F2B6922CD29E6400D5B6A5 /* ImageCacheHelper.swift in Sources */,
				F1F2B63E2CD288A900D5B6A5 /* SceneDelegate.swift in Sources */,
				F1F2B6942CD29F5B00D5B6A5 /* SearchViewController+Delegates.swift in Sources */,
				F1F2B6732CD28B5F00D5B6A5 /* Constants.swift in Sources */,
				F1F2B6842CD296E200D5B6A5 /* MovieService.swift in Sources */,
			);
			runOnlyForDeploymentPostprocessing = 0;
		};
		F1F2B64A2CD288AB00D5B6A5 /* Sources */ = {
			isa = PBXSourcesBuildPhase;
			buildActionMask = 2147483647;
			files = (
				F1F2B69E2CD2BF2000D5B6A5 /* MockMovieService.swift in Sources */,
				F1F2B6A22CD2BF7F00D5B6A5 /* MovieInfoTableViewCelltests.swift in Sources */,
				F1F2B6A92CD363F500D5B6A5 /* SearchViewControllerTests.swift in Sources */,
				F1F2B6A02CD2BF5B00D5B6A5 /* SearchViewModelTestCases.swift in Sources */,
			);
			runOnlyForDeploymentPostprocessing = 0;
		};
		F1F2B6542CD288AC00D5B6A5 /* Sources */ = {
			isa = PBXSourcesBuildPhase;
			buildActionMask = 2147483647;
			files = (
				F1F2B65D2CD288AC00D5B6A5 /* MovieSearchAppUITests.swift in Sources */,
				F1F2B65F2CD288AC00D5B6A5 /* MovieSearchAppUITestsLaunchTests.swift in Sources */,
			);
			runOnlyForDeploymentPostprocessing = 0;
		};
/* End PBXSourcesBuildPhase section */

/* Begin PBXTargetDependency section */
		F1F2B6502CD288AB00D5B6A5 /* PBXTargetDependency */ = {
			isa = PBXTargetDependency;
			target = F1F2B6372CD288A900D5B6A5 /* MovieSearchApp */;
			targetProxy = F1F2B64F2CD288AB00D5B6A5 /* PBXContainerItemProxy */;
		};
		F1F2B65A2CD288AC00D5B6A5 /* PBXTargetDependency */ = {
			isa = PBXTargetDependency;
			target = F1F2B6372CD288A900D5B6A5 /* MovieSearchApp */;
			targetProxy = F1F2B6592CD288AC00D5B6A5 /* PBXContainerItemProxy */;
		};
/* End PBXTargetDependency section */

/* Begin PBXVariantGroup section */
		F1F2B6412CD288A900D5B6A5 /* Main.storyboard */ = {
			isa = PBXVariantGroup;
			children = (
				F1F2B6422CD288A900D5B6A5 /* Base */,
			);
			name = Main.storyboard;
			sourceTree = "<group>";
		};
		F1F2B6462CD288AB00D5B6A5 /* LaunchScreen.storyboard */ = {
			isa = PBXVariantGroup;
			children = (
				F1F2B6472CD288AB00D5B6A5 /* Base */,
			);
			name = LaunchScreen.storyboard;
			sourceTree = "<group>";
		};
/* End PBXVariantGroup section */

/* Begin XCBuildConfiguration section */
		F1F2B6602CD288AC00D5B6A5 /* Debug */ = {
			isa = XCBuildConfiguration;
			buildSettings = {
				ALWAYS_SEARCH_USER_PATHS = NO;
				ASSETCATALOG_COMPILER_GENERATE_SWIFT_ASSET_SYMBOL_EXTENSIONS = YES;
				CLANG_ANALYZER_NONNULL = YES;
				CLANG_ANALYZER_NUMBER_OBJECT_CONVERSION = YES_AGGRESSIVE;
				CLANG_CXX_LANGUAGE_STANDARD = "gnu++20";
				CLANG_ENABLE_MODULES = YES;
				CLANG_ENABLE_OBJC_ARC = YES;
				CLANG_ENABLE_OBJC_WEAK = YES;
				CLANG_WARN_BLOCK_CAPTURE_AUTORELEASING = YES;
				CLANG_WARN_BOOL_CONVERSION = YES;
				CLANG_WARN_COMMA = YES;
				CLANG_WARN_CONSTANT_CONVERSION = YES;
				CLANG_WARN_DEPRECATED_OBJC_IMPLEMENTATIONS = YES;
				CLANG_WARN_DIRECT_OBJC_ISA_USAGE = YES_ERROR;
				CLANG_WARN_DOCUMENTATION_COMMENTS = YES;
				CLANG_WARN_EMPTY_BODY = YES;
				CLANG_WARN_ENUM_CONVERSION = YES;
				CLANG_WARN_INFINITE_RECURSION = YES;
				CLANG_WARN_INT_CONVERSION = YES;
				CLANG_WARN_NON_LITERAL_NULL_CONVERSION = YES;
				CLANG_WARN_OBJC_IMPLICIT_RETAIN_SELF = YES;
				CLANG_WARN_OBJC_LITERAL_CONVERSION = YES;
				CLANG_WARN_OBJC_ROOT_CLASS = YES_ERROR;
				CLANG_WARN_QUOTED_INCLUDE_IN_FRAMEWORK_HEADER = YES;
				CLANG_WARN_RANGE_LOOP_ANALYSIS = YES;
				CLANG_WARN_STRICT_PROTOTYPES = YES;
				CLANG_WARN_SUSPICIOUS_MOVE = YES;
				CLANG_WARN_UNGUARDED_AVAILABILITY = YES_AGGRESSIVE;
				CLANG_WARN_UNREACHABLE_CODE = YES;
				CLANG_WARN__DUPLICATE_METHOD_MATCH = YES;
				COPY_PHASE_STRIP = NO;
				DEBUG_INFORMATION_FORMAT = dwarf;
				ENABLE_STRICT_OBJC_MSGSEND = YES;
				ENABLE_TESTABILITY = YES;
				ENABLE_USER_SCRIPT_SANDBOXING = YES;
				GCC_C_LANGUAGE_STANDARD = gnu17;
				GCC_DYNAMIC_NO_PIC = NO;
				GCC_NO_COMMON_BLOCKS = YES;
				GCC_OPTIMIZATION_LEVEL = 0;
				GCC_PREPROCESSOR_DEFINITIONS = (
					"DEBUG=1",
					"$(inherited)",
				);
				GCC_WARN_64_TO_32_BIT_CONVERSION = YES;
				GCC_WARN_ABOUT_RETURN_TYPE = YES_ERROR;
				GCC_WARN_UNDECLARED_SELECTOR = YES;
				GCC_WARN_UNINITIALIZED_AUTOS = YES_AGGRESSIVE;
				GCC_WARN_UNUSED_FUNCTION = YES;
				GCC_WARN_UNUSED_VARIABLE = YES;
				IPHONEOS_DEPLOYMENT_TARGET = 17.4;
				LOCALIZATION_PREFERS_STRING_CATALOGS = YES;
				MTL_ENABLE_DEBUG_INFO = INCLUDE_SOURCE;
				MTL_FAST_MATH = YES;
				ONLY_ACTIVE_ARCH = YES;
				SDKROOT = iphoneos;
				SWIFT_ACTIVE_COMPILATION_CONDITIONS = "DEBUG $(inherited)";
				SWIFT_OPTIMIZATION_LEVEL = "-Onone";
			};
			name = Debug;
		};
		F1F2B6612CD288AC00D5B6A5 /* Release */ = {
			isa = XCBuildConfiguration;
			buildSettings = {
				ALWAYS_SEARCH_USER_PATHS = NO;
				ASSETCATALOG_COMPILER_GENERATE_SWIFT_ASSET_SYMBOL_EXTENSIONS = YES;
				CLANG_ANALYZER_NONNULL = YES;
				CLANG_ANALYZER_NUMBER_OBJECT_CONVERSION = YES_AGGRESSIVE;
				CLANG_CXX_LANGUAGE_STANDARD = "gnu++20";
				CLANG_ENABLE_MODULES = YES;
				CLANG_ENABLE_OBJC_ARC = YES;
				CLANG_ENABLE_OBJC_WEAK = YES;
				CLANG_WARN_BLOCK_CAPTURE_AUTORELEASING = YES;
				CLANG_WARN_BOOL_CONVERSION = YES;
				CLANG_WARN_COMMA = YES;
				CLANG_WARN_CONSTANT_CONVERSION = YES;
				CLANG_WARN_DEPRECATED_OBJC_IMPLEMENTATIONS = YES;
				CLANG_WARN_DIRECT_OBJC_ISA_USAGE = YES_ERROR;
				CLANG_WARN_DOCUMENTATION_COMMENTS = YES;
				CLANG_WARN_EMPTY_BODY = YES;
				CLANG_WARN_ENUM_CONVERSION = YES;
				CLANG_WARN_INFINITE_RECURSION = YES;
				CLANG_WARN_INT_CONVERSION = YES;
				CLANG_WARN_NON_LITERAL_NULL_CONVERSION = YES;
				CLANG_WARN_OBJC_IMPLICIT_RETAIN_SELF = YES;
				CLANG_WARN_OBJC_LITERAL_CONVERSION = YES;
				CLANG_WARN_OBJC_ROOT_CLASS = YES_ERROR;
				CLANG_WARN_QUOTED_INCLUDE_IN_FRAMEWORK_HEADER = YES;
				CLANG_WARN_RANGE_LOOP_ANALYSIS = YES;
				CLANG_WARN_STRICT_PROTOTYPES = YES;
				CLANG_WARN_SUSPICIOUS_MOVE = YES;
				CLANG_WARN_UNGUARDED_AVAILABILITY = YES_AGGRESSIVE;
				CLANG_WARN_UNREACHABLE_CODE = YES;
				CLANG_WARN__DUPLICATE_METHOD_MATCH = YES;
				COPY_PHASE_STRIP = NO;
				DEBUG_INFORMATION_FORMAT = "dwarf-with-dsym";
				ENABLE_NS_ASSERTIONS = NO;
				ENABLE_STRICT_OBJC_MSGSEND = YES;
				ENABLE_USER_SCRIPT_SANDBOXING = YES;
				GCC_C_LANGUAGE_STANDARD = gnu17;
				GCC_NO_COMMON_BLOCKS = YES;
				GCC_WARN_64_TO_32_BIT_CONVERSION = YES;
				GCC_WARN_ABOUT_RETURN_TYPE = YES_ERROR;
				GCC_WARN_UNDECLARED_SELECTOR = YES;
				GCC_WARN_UNINITIALIZED_AUTOS = YES_AGGRESSIVE;
				GCC_WARN_UNUSED_FUNCTION = YES;
				GCC_WARN_UNUSED_VARIABLE = YES;
				IPHONEOS_DEPLOYMENT_TARGET = 17.4;
				LOCALIZATION_PREFERS_STRING_CATALOGS = YES;
				MTL_ENABLE_DEBUG_INFO = NO;
				MTL_FAST_MATH = YES;
				SDKROOT = iphoneos;
				SWIFT_COMPILATION_MODE = wholemodule;
				VALIDATE_PRODUCT = YES;
			};
			name = Release;
		};
		F1F2B6632CD288AC00D5B6A5 /* Debug */ = {
			isa = XCBuildConfiguration;
			buildSettings = {
				ASSETCATALOG_COMPILER_APPICON_NAME = AppIcon;
				ASSETCATALOG_COMPILER_GLOBAL_ACCENT_COLOR_NAME = AccentColor;
				CODE_SIGN_STYLE = Automatic;
				CURRENT_PROJECT_VERSION = 1;
				GENERATE_INFOPLIST_FILE = YES;
				INFOPLIST_FILE = MovieSearchApp/Info.plist;
				INFOPLIST_KEY_UIApplicationSupportsIndirectInputEvents = YES;
				INFOPLIST_KEY_UILaunchStoryboardName = LaunchScreen;
				INFOPLIST_KEY_UIMainStoryboardFile = Main;
				INFOPLIST_KEY_UISupportedInterfaceOrientations_iPad = "UIInterfaceOrientationPortrait UIInterfaceOrientationPortraitUpsideDown UIInterfaceOrientationLandscapeLeft UIInterfaceOrientationLandscapeRight";
				INFOPLIST_KEY_UISupportedInterfaceOrientations_iPhone = "UIInterfaceOrientationPortrait UIInterfaceOrientationLandscapeLeft UIInterfaceOrientationLandscapeRight";
				LD_RUNPATH_SEARCH_PATHS = (
					"$(inherited)",
					"@executable_path/Frameworks",
				);
				MARKETING_VERSION = 1.0;
				PRODUCT_BUNDLE_IDENTIFIER = com.wicky.MovieSearchApp;
				PRODUCT_NAME = "$(TARGET_NAME)";
				SWIFT_EMIT_LOC_STRINGS = YES;
				SWIFT_VERSION = 5.0;
				TARGETED_DEVICE_FAMILY = "1,2";
			};
			name = Debug;
		};
		F1F2B6642CD288AC00D5B6A5 /* Release */ = {
			isa = XCBuildConfiguration;
			buildSettings = {
				ASSETCATALOG_COMPILER_APPICON_NAME = AppIcon;
				ASSETCATALOG_COMPILER_GLOBAL_ACCENT_COLOR_NAME = AccentColor;
				CODE_SIGN_STYLE = Automatic;
				CURRENT_PROJECT_VERSION = 1;
				GENERATE_INFOPLIST_FILE = YES;
				INFOPLIST_FILE = MovieSearchApp/Info.plist;
				INFOPLIST_KEY_UIApplicationSupportsIndirectInputEvents = YES;
				INFOPLIST_KEY_UILaunchStoryboardName = LaunchScreen;
				INFOPLIST_KEY_UIMainStoryboardFile = Main;
				INFOPLIST_KEY_UISupportedInterfaceOrientations_iPad = "UIInterfaceOrientationPortrait UIInterfaceOrientationPortraitUpsideDown UIInterfaceOrientationLandscapeLeft UIInterfaceOrientationLandscapeRight";
				INFOPLIST_KEY_UISupportedInterfaceOrientations_iPhone = "UIInterfaceOrientationPortrait UIInterfaceOrientationLandscapeLeft UIInterfaceOrientationLandscapeRight";
				LD_RUNPATH_SEARCH_PATHS = (
					"$(inherited)",
					"@executable_path/Frameworks",
				);
				MARKETING_VERSION = 1.0;
				PRODUCT_BUNDLE_IDENTIFIER = com.wicky.MovieSearchApp;
				PRODUCT_NAME = "$(TARGET_NAME)";
				SWIFT_EMIT_LOC_STRINGS = YES;
				SWIFT_VERSION = 5.0;
				TARGETED_DEVICE_FAMILY = "1,2";
			};
			name = Release;
		};
		F1F2B6662CD288AC00D5B6A5 /* Debug */ = {
			isa = XCBuildConfiguration;
			buildSettings = {
				ALWAYS_EMBED_SWIFT_STANDARD_LIBRARIES = YES;
				BUNDLE_LOADER = "$(TEST_HOST)";
				CODE_SIGN_STYLE = Automatic;
				CURRENT_PROJECT_VERSION = 1;
				GENERATE_INFOPLIST_FILE = YES;
				IPHONEOS_DEPLOYMENT_TARGET = 17.4;
				MARKETING_VERSION = 1.0;
				PRODUCT_BUNDLE_IDENTIFIER = com.wicky.MovieSearchAppTests;
				PRODUCT_NAME = "$(TARGET_NAME)";
				SWIFT_EMIT_LOC_STRINGS = NO;
				SWIFT_VERSION = 5.0;
				TARGETED_DEVICE_FAMILY = "1,2";
				TEST_HOST = "$(BUILT_PRODUCTS_DIR)/MovieSearchApp.app/$(BUNDLE_EXECUTABLE_FOLDER_PATH)/MovieSearchApp";
			};
			name = Debug;
		};
		F1F2B6672CD288AC00D5B6A5 /* Release */ = {
			isa = XCBuildConfiguration;
			buildSettings = {
				ALWAYS_EMBED_SWIFT_STANDARD_LIBRARIES = YES;
				BUNDLE_LOADER = "$(TEST_HOST)";
				CODE_SIGN_STYLE = Automatic;
				CURRENT_PROJECT_VERSION = 1;
				GENERATE_INFOPLIST_FILE = YES;
				IPHONEOS_DEPLOYMENT_TARGET = 17.4;
				MARKETING_VERSION = 1.0;
				PRODUCT_BUNDLE_IDENTIFIER = com.wicky.MovieSearchAppTests;
				PRODUCT_NAME = "$(TARGET_NAME)";
				SWIFT_EMIT_LOC_STRINGS = NO;
				SWIFT_VERSION = 5.0;
				TARGETED_DEVICE_FAMILY = "1,2";
				TEST_HOST = "$(BUILT_PRODUCTS_DIR)/MovieSearchApp.app/$(BUNDLE_EXECUTABLE_FOLDER_PATH)/MovieSearchApp";
			};
			name = Release;
		};
		F1F2B6692CD288AC00D5B6A5 /* Debug */ = {
			isa = XCBuildConfiguration;
			buildSettings = {
				ALWAYS_EMBED_SWIFT_STANDARD_LIBRARIES = YES;
				CODE_SIGN_STYLE = Automatic;
				CURRENT_PROJECT_VERSION = 1;
				GENERATE_INFOPLIST_FILE = YES;
				MARKETING_VERSION = 1.0;
				PRODUCT_BUNDLE_IDENTIFIER = com.wicky.MovieSearchAppUITests;
				PRODUCT_NAME = "$(TARGET_NAME)";
				SWIFT_EMIT_LOC_STRINGS = NO;
				SWIFT_VERSION = 5.0;
				TARGETED_DEVICE_FAMILY = "1,2";
				TEST_TARGET_NAME = MovieSearchApp;
			};
			name = Debug;
		};
		F1F2B66A2CD288AC00D5B6A5 /* Release */ = {
			isa = XCBuildConfiguration;
			buildSettings = {
				ALWAYS_EMBED_SWIFT_STANDARD_LIBRARIES = YES;
				CODE_SIGN_STYLE = Automatic;
				CURRENT_PROJECT_VERSION = 1;
				GENERATE_INFOPLIST_FILE = YES;
				MARKETING_VERSION = 1.0;
				PRODUCT_BUNDLE_IDENTIFIER = com.wicky.MovieSearchAppUITests;
				PRODUCT_NAME = "$(TARGET_NAME)";
				SWIFT_EMIT_LOC_STRINGS = NO;
				SWIFT_VERSION = 5.0;
				TARGETED_DEVICE_FAMILY = "1,2";
				TEST_TARGET_NAME = MovieSearchApp;
			};
			name = Release;
		};
/* End XCBuildConfiguration section */

/* Begin XCConfigurationList section */
		F1F2B6332CD288A900D5B6A5 /* Build configuration list for PBXProject "MovieSearchApp" */ = {
			isa = XCConfigurationList;
			buildConfigurations = (
				F1F2B6602CD288AC00D5B6A5 /* Debug */,
				F1F2B6612CD288AC00D5B6A5 /* Release */,
			);
			defaultConfigurationIsVisible = 0;
			defaultConfigurationName = Release;
		};
		F1F2B6622CD288AC00D5B6A5 /* Build configuration list for PBXNativeTarget "MovieSearchApp" */ = {
			isa = XCConfigurationList;
			buildConfigurations = (
				F1F2B6632CD288AC00D5B6A5 /* Debug */,
				F1F2B6642CD288AC00D5B6A5 /* Release */,
			);
			defaultConfigurationIsVisible = 0;
			defaultConfigurationName = Release;
		};
		F1F2B6652CD288AC00D5B6A5 /* Build configuration list for PBXNativeTarget "MovieSearchAppTests" */ = {
			isa = XCConfigurationList;
			buildConfigurations = (
				F1F2B6662CD288AC00D5B6A5 /* Debug */,
				F1F2B6672CD288AC00D5B6A5 /* Release */,
			);
			defaultConfigurationIsVisible = 0;
			defaultConfigurationName = Release;
		};
		F1F2B6682CD288AC00D5B6A5 /* Build configuration list for PBXNativeTarget "MovieSearchAppUITests" */ = {
			isa = XCConfigurationList;
			buildConfigurations = (
				F1F2B6692CD288AC00D5B6A5 /* Debug */,
				F1F2B66A2CD288AC00D5B6A5 /* Release */,
			);
			defaultConfigurationIsVisible = 0;
			defaultConfigurationName = Release;
		};
/* End XCConfigurationList section */

/* Begin XCRemoteSwiftPackageReference section */
		F1F2B6972CD2A08E00D5B6A5 /* XCRemoteSwiftPackageReference "RappleProgressHUD" */ = {
			isa = XCRemoteSwiftPackageReference;
			repositoryURL = "https://github.com/rjeprasad/RappleProgressHUD.git";
			requirement = {
				kind = upToNextMajorVersion;
				minimumVersion = 4.1.0;
			};
		};
/* End XCRemoteSwiftPackageReference section */

/* Begin XCSwiftPackageProductDependency section */
		F1F2B6982CD2A08E00D5B6A5 /* RappleProgressHUD */ = {
			isa = XCSwiftPackageProductDependency;
			package = F1F2B6972CD2A08E00D5B6A5 /* XCRemoteSwiftPackageReference "RappleProgressHUD" */;
			productName = RappleProgressHUD;
		};
/* End XCSwiftPackageProductDependency section */
	};
	rootObject = F1F2B6302CD288A900D5B6A5 /* Project object */;
}
